
Microsoft Visual Studio Solution File, Format Version 12.00
# Visual Studio Version 16
VisualStudioVersion = 16.0.28803.202
MinimumVisualStudioVersion = 10.0.40219.1
Project("{8BC9CEB8-8B4A-11D0-8D11-00A0C91BC942}") = "1.1", "1.1\1.1.vcxproj", "{E436D193-7938-4FE2-ACA5-ABC816CB8E0C}"
EndProject
Project("{8BC9CEB8-8B4A-11D0-8D11-00A0C91BC942}") = "1.2", "1.2\1.2.vcxproj", "{D0EB074F-F55B-4C7A-8D18-993B98CE39EB}"
EndProject
Project("{8BC9CEB8-8B4A-11D0-8D11-00A0C91BC942}") = "1.3", "1.3\1.3.vcxproj", "{74C0A99A-0561-42C9-9CA1-A6B5F4FCDF63}"
EndProject
Project("{8BC9CEB8-8B4A-11D0-8D11-00A0C91BC942}") = "1.4", "1.4\1.4.vcxproj", "{94ADED59-6A61-48B2-AD49-0E199641D2BC}"
EndProject
Project("{8BC9CEB8-8B4A-11D0-8D11-00A0C91BC942}") = "2.1", "2.1\2.1.vcxproj", "{B34BF8F4-3F5B-4EDC-8C01-C02F901349DB}"
EndProject
Project("{8BC9CEB8-8B4A-11D0-8D11-00A0C91BC942}") = "2.4", "2.4\2.4.vcxproj", "{DBBC819B-0278-4B69-9792-F148138D5D08}"
EndProject
Project("{8BC9CEB8-8B4A-11D0-8D11-00A0C91BC942}") = "3.0", "3.0\3.0.vcxproj", "{0D44AB73-C54E-4C37-BDFE-07BD80DBB4FF}"
EndProject
Global
	GlobalSection(SolutionConfigurationPlatforms) = preSolution
		Debug|x64 = Debug|x64
		Debug|x86 = Debug|x86
		Release|x64 = Release|x64
		Release|x86 = Release|x86
	EndGlobalSection
	GlobalSection(ProjectConfigurationPlatforms) = postSolution
		{E436D193-7938-4FE2-ACA5-ABC816CB8E0C}.Debug|x64.ActiveCfg = Debug|x64
		{E436D193-7938-4FE2-ACA5-ABC816CB8E0C}.Debug|x64.Build.0 = Debug|x64
		{E436D193-7938-4FE2-ACA5-ABC816CB8E0C}.Debug|x86.ActiveCfg = Debug|Win32
		{E436D193-7938-4FE2-ACA5-ABC816CB8E0C}.Debug|x86.Build.0 = Debug|Win32
		{E436D193-7938-4FE2-ACA5-ABC816CB8E0C}.Release|x64.ActiveCfg = Release|x64
		{E436D193-7938-4FE2-ACA5-ABC816CB8E0C}.Release|x64.Build.0 = Release|x64
		{E436D193-7938-4FE2-ACA5-ABC816CB8E0C}.Release|x86.ActiveCfg = Release|Win32
		{E436D193-7938-4FE2-ACA5-ABC816CB8E0C}.Release|x86.Build.0 = Release|Win32
		{D0EB074F-F55B-4C7A-8D18-993B98CE39EB}.Debug|x64.ActiveCfg = Debug|x64
		{D0EB074F-F55B-4C7A-8D18-993B98CE39EB}.Debug|x64.Build.0 = Debug|x64
		{D0EB074F-F55B-4C7A-8D18-993B98CE39EB}.Debug|x86.ActiveCfg = Debug|Win32
		{D0EB074F-F55B-4C7A-8D18-993B98CE39EB}.Debug|x86.Build.0 = Debug|Win32
		{D0EB074F-F55B-4C7A-8D18-993B98CE39EB}.Release|x64.ActiveCfg = Release|x64
		{D0EB074F-F55B-4C7A-8D18-993B98CE39EB}.Release|x64.Build.0 = Release|x64
		{D0EB074F-F55B-4C7A-8D18-993B98CE39EB}.Release|x86.ActiveCfg = Release|Win32
		{D0EB074F-F55B-4C7A-8D18-993B98CE39EB}.Release|x86.Build.0 = Release|Win32
		{74C0A99A-0561-42C9-9CA1-A6B5F4FCDF63}.Debug|x64.ActiveCfg = Debug|x64
		{74C0A99A-0561-42C9-9CA1-A6B5F4FCDF63}.Debug|x64.Build.0 = Debug|x64
		{74C0A99A-0561-42C9-9CA1-A6B5F4FCDF63}.Debug|x86.ActiveCfg = Debug|Win32
		{74C0A99A-0561-42C9-9CA1-A6B5F4FCDF63}.Debug|x86.Build.0 = Debug|Win32
		{74C0A99A-0561-42C9-9CA1-A6B5F4FCDF63}.Release|x64.ActiveCfg = Release|x64
		{74C0A99A-0561-42C9-9CA1-A6B5F4FCDF63}.Release|x64.Build.0 = Release|x64
		{74C0A99A-0561-42C9-9CA1-A6B5F4FCDF63}.Release|x86.ActiveCfg = Release|Win32
		{74C0A99A-0561-42C9-9CA1-A6B5F4FCDF63}.Release|x86.Build.0 = Release|Win32
		{94ADED59-6A61-48B2-AD49-0E199641D2BC}.Debug|x64.ActiveCfg = Debug|x64
		{94ADED59-6A61-48B2-AD49-0E199641D2BC}.Debug|x64.Build.0 = Debug|x64
		{94ADED59-6A61-48B2-AD49-0E199641D2BC}.Debug|x86.ActiveCfg = Debug|Win32
		{94ADED59-6A61-48B2-AD49-0E199641D2BC}.Debug|x86.Build.0 = Debug|Win32
		{94ADED59-6A61-48B2-AD49-0E199641D2BC}.Release|x64.ActiveCfg = Release|x64
		{94ADED59-6A61-48B2-AD49-0E199641D2BC}.Release|x64.Build.0 = Release|x64
		{94ADED59-6A61-48B2-AD49-0E199641D2BC}.Release|x86.ActiveCfg = Release|Win32
		{94ADED59-6A61-48B2-AD49-0E199641D2BC}.Release|x86.Build.0 = Release|Win32
		{B34BF8F4-3F5B-4EDC-8C01-C02F901349DB}.Debug|x64.ActiveCfg = Debug|x64
		{B34BF8F4-3F5B-4EDC-8C01-C02F901349DB}.Debug|x64.Build.0 = Debug|x64
		{B34BF8F4-3F5B-4EDC-8C01-C02F901349DB}.Debug|x86.ActiveCfg = Debug|Win32
		{B34BF8F4-3F5B-4EDC-8C01-C02F901349DB}.Debug|x86.Build.0 = Debug|Win32
		{B34BF8F4-3F5B-4EDC-8C01-C02F901349DB}.Release|x64.ActiveCfg = Release|x64
		{B34BF8F4-3F5B-4EDC-8C01-C02F901349DB}.Release|x64.Build.0 = Release|x64
		{B34BF8F4-3F5B-4EDC-8C01-C02F901349DB}.Release|x86.ActiveCfg = Release|Win32
		{B34BF8F4-3F5B-4EDC-8C01-C02F901349DB}.Release|x86.Build.0 = Release|Win32
		{DBBC819B-0278-4B69-9792-F148138D5D08}.Debug|x64.ActiveCfg = Debug|x64
		{DBBC819B-0278-4B69-9792-F148138D5D08}.Debug|x64.Build.0 = Debug|x64
		{DBBC819B-0278-4B69-9792-F148138D5D08}.Debug|x86.ActiveCfg = Debug|Win32
		{DBBC819B-0278-4B69-9792-F148138D5D08}.Debug|x86.Build.0 = Debug|Win32
		{DBBC819B-0278-4B69-9792-F148138D5D08}.Release|x64.ActiveCfg = Release|x64
		{DBBC819B-0278-4B69-9792-F148138D5D08}.Release|x64.Build.0 = Release|x64
		{DBBC819B-0278-4B69-9792-F148138D5D08}.Release|x86.ActiveCfg = Release|Win32
		{DBBC819B-0278-4B69-9792-F148138D5D08}.Release|x86.Build.0 = Release|Win32
		{0D44AB73-C54E-4C37-BDFE-07BD80DBB4FF}.Debug|x64.ActiveCfg = Debug|x64
		{0D44AB73-C54E-4C37-BDFE-07BD80DBB4FF}.Debug|x64.Build.0 = Debug|x64
		{0D44AB73-C54E-4C37-BDFE-07BD80DBB4FF}.Debug|x86.ActiveCfg = Debug|Win32
		{0D44AB73-C54E-4C37-BDFE-07BD80DBB4FF}.Debug|x86.Build.0 = Debug|Win32
		{0D44AB73-C54E-4C37-BDFE-07BD80DBB4FF}.Release|x64.ActiveCfg = Release|x64
		{0D44AB73-C54E-4C37-BDFE-07BD80DBB4FF}.Release|x64.Build.0 = Release|x64
		{0D44AB73-C54E-4C37-BDFE-07BD80DBB4FF}.Release|x86.ActiveCfg = Release|Win32
		{0D44AB73-C54E-4C37-BDFE-07BD80DBB4FF}.Release|x86.Build.0 = Release|Win32
	EndGlobalSection
	GlobalSection(SolutionProperties) = preSolution
		HideSolutionNode = FALSE
	EndGlobalSection
	GlobalSection(ExtensibilityGlobals) = postSolution
		SolutionGuid = {78F0BA73-7A06-4BB4-9E69-7C2360FA3D5F}
	EndGlobalSection
EndGlobal
